
Microsoft Visual Studio Solution File, Format Version 12.00
# Visual Studio Version 16
VisualStudioVersion = 16.0.30330.147
MinimumVisualStudioVersion = 10.0.40219.1
Project("{FAE04EC0-301F-11D3-BF4B-00C04F79EFBC}") = "SB.Ball3DTournamentSys.DataAccess", "SB.Ball3DTournamentSys.DataAccess\SB.Ball3DTournamentSys.DataAccess.csproj", "{C488523C-06DE-4141-A5B7-B1CD804EBE80}"
EndProject
Project("{FAE04EC0-301F-11D3-BF4B-00C04F79EFBC}") = "SB.Ball3DTournamentSys.Business", "SB.Ball3DTournamentSys.Business\SB.Ball3DTournamentSys.Business.csproj", "{16C1F914-F022-47CF-BAAB-B60084262299}"
EndProject
Project("{FAE04EC0-301F-11D3-BF4B-00C04F79EFBC}") = "SB.Ball3DTournamentSys.Entities", "SB.Ball3DTournamentSys.Entities\SB.Ball3DTournamentSys.Entities.csproj", "{2F492FCD-DEBA-4DB5-B11A-7BB69C20B17C}"
EndProject
Project("{FAE04EC0-301F-11D3-BF4B-00C04F79EFBC}") = "SB.Ball3DTournamentSys.Web", "SB.Ball3DTournamentSys.Web\SB.Ball3DTournamentSys.Web.csproj", "{D2AD1BDB-7CC7-4DCD-AF6E-524DB23A6936}"
EndProject
Global
	GlobalSection(SolutionConfigurationPlatforms) = preSolution
		Debug|Any CPU = Debug|Any CPU
		Release|Any CPU = Release|Any CPU
	EndGlobalSection
	GlobalSection(ProjectConfigurationPlatforms) = postSolution
		{C488523C-06DE-4141-A5B7-B1CD804EBE80}.Debug|Any CPU.ActiveCfg = Debug|Any CPU
		{C488523C-06DE-4141-A5B7-B1CD804EBE80}.Debug|Any CPU.Build.0 = Debug|Any CPU
		{C488523C-06DE-4141-A5B7-B1CD804EBE80}.Release|Any CPU.ActiveCfg = Release|Any CPU
		{C488523C-06DE-4141-A5B7-B1CD804EBE80}.Release|Any CPU.Build.0 = Release|Any CPU
		{16C1F914-F022-47CF-BAAB-B60084262299}.Debug|Any CPU.ActiveCfg = Debug|Any CPU
		{16C1F914-F022-47CF-BAAB-B60084262299}.Debug|Any CPU.Build.0 = Debug|Any CPU
		{16C1F914-F022-47CF-BAAB-B60084262299}.Release|Any CPU.ActiveCfg = Release|Any CPU
		{16C1F914-F022-47CF-BAAB-B60084262299}.Release|Any CPU.Build.0 = Release|Any CPU
		{2F492FCD-DEBA-4DB5-B11A-7BB69C20B17C}.Debug|Any CPU.ActiveCfg = Debug|Any CPU
		{2F492FCD-DEBA-4DB5-B11A-7BB69C20B17C}.Debug|Any CPU.Build.0 = Debug|Any CPU
		{2F492FCD-DEBA-4DB5-B11A-7BB69C20B17C}.Release|Any CPU.ActiveCfg = Release|Any CPU
		{2F492FCD-DEBA-4DB5-B11A-7BB69C20B17C}.Release|Any CPU.Build.0 = Release|Any CPU
		{D2AD1BDB-7CC7-4DCD-AF6E-524DB23A6936}.Debug|Any CPU.ActiveCfg = Debug|Any CPU
		{D2AD1BDB-7CC7-4DCD-AF6E-524DB23A6936}.Debug|Any CPU.Build.0 = Debug|Any CPU
		{D2AD1BDB-7CC7-4DCD-AF6E-524DB23A6936}.Release|Any CPU.ActiveCfg = Release|Any CPU
		{D2AD1BDB-7CC7-4DCD-AF6E-524DB23A6936}.Release|Any CPU.Build.0 = Release|Any CPU
	EndGlobalSection
	GlobalSection(SolutionProperties) = preSolution
		HideSolutionNode = FALSE
	EndGlobalSection
	GlobalSection(ExtensibilityGlobals) = postSolution
		SolutionGuid = {63B21E51-D884-4A23-9330-9D8551B7C9A9}
	EndGlobalSection
EndGlobal
